// !$*UTF8*$!
{
	archiveVersion = 1;
	classes = {
	};
	objectVersion = 46;
	objects = {

/* Begin PBXBuildFile section */
		6F5EFE1D1D6D92AE00F78EB4 /* SnapsViewController.swift in Sources */ = {isa = PBXBuildFile; fileRef = 6F5EFE1C1D6D92AE00F78EB4 /* SnapsViewController.swift */; };
		6F5EFE1F1D6D982000F78EB4 /* PictureViewController.swift in Sources */ = {isa = PBXBuildFile; fileRef = 6F5EFE1E1D6D982000F78EB4 /* PictureViewController.swift */; };
		6F5EFE211D6DBD4E00F78EB4 /* SelectUserViewController.swift in Sources */ = {isa = PBXBuildFile; fileRef = 6F5EFE201D6DBD4E00F78EB4 /* SelectUserViewController.swift */; };
		6F6927481D6D86990055B413 /* AppDelegate.swift in Sources */ = {isa = PBXBuildFile; fileRef = 6F6927471D6D86990055B413 /* AppDelegate.swift */; };
		6F69274A1D6D86990055B413 /* ViewController.swift in Sources */ = {isa = PBXBuildFile; fileRef = 6F6927491D6D86990055B413 /* ViewController.swift */; };
		6F69274D1D6D86990055B413 /* Main.storyboard in Resources */ = {isa = PBXBuildFile; fileRef = 6F69274B1D6D86990055B413 /* Main.storyboard */; };
		6F69274F1D6D86990055B413 /* Assets.xcassets in Resources */ = {isa = PBXBuildFile; fileRef = 6F69274E1D6D86990055B413 /* Assets.xcassets */; };
		6F6927521D6D86990055B413 /* LaunchScreen.storyboard in Resources */ = {isa = PBXBuildFile; fileRef = 6F6927501D6D86990055B413 /* LaunchScreen.storyboard */; };
		6F69275A1D6D876B0055B413 /* GoogleService-Info.plist in Resources */ = {isa = PBXBuildFile; fileRef = 6F6927591D6D876B0055B413 /* GoogleService-Info.plist */; };
		6FE116F91D6D8A4000F29186 /* SignInViewController.swift in Sources */ = {isa = PBXBuildFile; fileRef = 6FE116F81D6D8A4000F29186 /* SignInViewController.swift */; };
		CB9E9A4D73D7C6D648E3DCC6 /* Pods_SnapChatClone.framework in Frameworks */ = {isa = PBXBuildFile; fileRef = EC65A26437A6562C2D7B25AF /* Pods_SnapChatClone.framework */; };
/* End PBXBuildFile section */

/* Begin PBXFileReference section */
		1B81EE2A2996BD729E95378E /* Pods-SnapChatClone.debug.xcconfig */ = {isa = PBXFileReference; includeInIndex = 1; lastKnownFileType = text.xcconfig; name = "Pods-SnapChatClone.debug.xcconfig"; path = "Pods/Target Support Files/Pods-SnapChatClone/Pods-SnapChatClone.debug.xcconfig"; sourceTree = "<group>"; };
		6F5EFE1B1D6D924300F78EB4 /* SnapChatClone.entitlements */ = {isa = PBXFileReference; lastKnownFileType = text.plist.entitlements; path = SnapChatClone.entitlements; sourceTree = "<group>"; };
		6F5EFE1C1D6D92AE00F78EB4 /* SnapsViewController.swift */ = {isa = PBXFileReference; fileEncoding = 4; lastKnownFileType = sourcecode.swift; path = SnapsViewController.swift; sourceTree = "<group>"; };
		6F5EFE1E1D6D982000F78EB4 /* PictureViewController.swift */ = {isa = PBXFileReference; fileEncoding = 4; lastKnownFileType = sourcecode.swift; path = PictureViewController.swift; sourceTree = "<group>"; };
		6F5EFE201D6DBD4E00F78EB4 /* SelectUserViewController.swift */ = {isa = PBXFileReference; fileEncoding = 4; lastKnownFileType = sourcecode.swift; path = SelectUserViewController.swift; sourceTree = "<group>"; };
		6F6927441D6D86990055B413 /* SnapChatClone.app */ = {isa = PBXFileReference; explicitFileType = wrapper.application; includeInIndex = 0; path = SnapChatClone.app; sourceTree = BUILT_PRODUCTS_DIR; };
		6F6927471D6D86990055B413 /* AppDelegate.swift */ = {isa = PBXFileReference; lastKnownFileType = sourcecode.swift; path = AppDelegate.swift; sourceTree = "<group>"; };
		6F6927491D6D86990055B413 /* ViewController.swift */ = {isa = PBXFileReference; lastKnownFileType = sourcecode.swift; path = ViewController.swift; sourceTree = "<group>"; };
		6F69274C1D6D86990055B413 /* Base */ = {isa = PBXFileReference; lastKnownFileType = file.storyboard; name = Base; path = Base.lproj/Main.storyboard; sourceTree = "<group>"; };
		6F69274E1D6D86990055B413 /* Assets.xcassets */ = {isa = PBXFileReference; lastKnownFileType = folder.assetcatalog; path = Assets.xcassets; sourceTree = "<group>"; };
		6F6927511D6D86990055B413 /* Base */ = {isa = PBXFileReference; lastKnownFileType = file.storyboard; name = Base; path = Base.lproj/LaunchScreen.storyboard; sourceTree = "<group>"; };
		6F6927531D6D86990055B413 /* Info.plist */ = {isa = PBXFileReference; lastKnownFileType = text.plist.xml; path = Info.plist; sourceTree = "<group>"; };
		6F6927591D6D876B0055B413 /* GoogleService-Info.plist */ = {isa = PBXFileReference; fileEncoding = 4; lastKnownFileType = text.plist.xml; path = "GoogleService-Info.plist"; sourceTree = "<group>"; };
		6FE116F81D6D8A4000F29186 /* SignInViewController.swift */ = {isa = PBXFileReference; fileEncoding = 4; lastKnownFileType = sourcecode.swift; path = SignInViewController.swift; sourceTree = "<group>"; };
		77B50C73FDE2DE94DA9F8B4C /* Pods-SnapChatClone.release.xcconfig */ = {isa = PBXFileReference; includeInIndex = 1; lastKnownFileType = text.xcconfig; name = "Pods-SnapChatClone.release.xcconfig"; path = "Pods/Target Support Files/Pods-SnapChatClone/Pods-SnapChatClone.release.xcconfig"; sourceTree = "<group>"; };
		EC65A26437A6562C2D7B25AF /* Pods_SnapChatClone.framework */ = {isa = PBXFileReference; explicitFileType = wrapper.framework; includeInIndex = 0; path = Pods_SnapChatClone.framework; sourceTree = BUILT_PRODUCTS_DIR; };
/* End PBXFileReference section */

/* Begin PBXFrameworksBuildPhase section */
		6F6927411D6D86990055B413 /* Frameworks */ = {
			isa = PBXFrameworksBuildPhase;
			buildActionMask = 2147483647;
			files = (
				CB9E9A4D73D7C6D648E3DCC6 /* Pods_SnapChatClone.framework in Frameworks */,
			);
			runOnlyForDeploymentPostprocessing = 0;
		};
/* End PBXFrameworksBuildPhase section */

/* Begin PBXGroup section */
		1E39FB0C530FDF53B49C0EA1 /* Frameworks */ = {
			isa = PBXGroup;
			children = (
				EC65A26437A6562C2D7B25AF /* Pods_SnapChatClone.framework */,
			);
			name = Frameworks;
			sourceTree = "<group>";
		};
		6F69273B1D6D86990055B413 = {
			isa = PBXGroup;
			children = (
				6F6927461D6D86990055B413 /* SnapChatClone */,
				6F6927451D6D86990055B413 /* Products */,
				B96A51599F7662A9782CD301 /* Pods */,
				1E39FB0C530FDF53B49C0EA1 /* Frameworks */,
			);
			sourceTree = "<group>";
		};
		6F6927451D6D86990055B413 /* Products */ = {
			isa = PBXGroup;
			children = (
				6F6927441D6D86990055B413 /* SnapChatClone.app */,
			);
			name = Products;
			sourceTree = "<group>";
		};
		6F6927461D6D86990055B413 /* SnapChatClone */ = {
			isa = PBXGroup;
			children = (
				6F5EFE1B1D6D924300F78EB4 /* SnapChatClone.entitlements */,
				6F6927471D6D86990055B413 /* AppDelegate.swift */,
				6F6927491D6D86990055B413 /* ViewController.swift */,
				6FE116F81D6D8A4000F29186 /* SignInViewController.swift */,
				6F5EFE1E1D6D982000F78EB4 /* PictureViewController.swift */,
				6F69274B1D6D86990055B413 /* Main.storyboard */,
				6F69274E1D6D86990055B413 /* Assets.xcassets */,
				6F6927501D6D86990055B413 /* LaunchScreen.storyboard */,
				6F6927531D6D86990055B413 /* Info.plist */,
				6F6927591D6D876B0055B413 /* GoogleService-Info.plist */,
				6F5EFE1C1D6D92AE00F78EB4 /* SnapsViewController.swift */,
				6F5EFE201D6DBD4E00F78EB4 /* SelectUserViewController.swift */,
			);
			path = SnapChatClone;
			sourceTree = "<group>";
		};
		B96A51599F7662A9782CD301 /* Pods */ = {
			isa = PBXGroup;
			children = (
				1B81EE2A2996BD729E95378E /* Pods-SnapChatClone.debug.xcconfig */,
				77B50C73FDE2DE94DA9F8B4C /* Pods-SnapChatClone.release.xcconfig */,
			);
			name = Pods;
			sourceTree = "<group>";
		};
/* End PBXGroup section */

/* Begin PBXNativeTarget section */
		6F6927431D6D86990055B413 /* SnapChatClone */ = {
			isa = PBXNativeTarget;
			buildConfigurationList = 6F6927561D6D86990055B413 /* Build configuration list for PBXNativeTarget "SnapChatClone" */;
			buildPhases = (
				9FC22DDC028272BAADD3ABE2 /* [CP] Check Pods Manifest.lock */,
				6F6927401D6D86990055B413 /* Sources */,
				6F6927411D6D86990055B413 /* Frameworks */,
				6F6927421D6D86990055B413 /* Resources */,
				CD2842E0AC1AE75CA236CC73 /* [CP] Embed Pods Frameworks */,
				185FFD1065EB2F40C0295555 /* [CP] Copy Pods Resources */,
			);
			buildRules = (
			);
			dependencies = (
			);
			name = SnapChatClone;
			productName = SnapChatClone;
			productReference = 6F6927441D6D86990055B413 /* SnapChatClone.app */;
			productType = "com.apple.product-type.application";
		};
/* End PBXNativeTarget section */

/* Begin PBXProject section */
		6F69273C1D6D86990055B413 /* Project object */ = {
			isa = PBXProject;
			attributes = {
				LastSwiftUpdateCheck = 0800;
				LastUpgradeCheck = 0800;
				ORGANIZATIONNAME = "Andrew Ng";
				TargetAttributes = {
					6F6927431D6D86990055B413 = {
						CreatedOnToolsVersion = 8.0;
						DevelopmentTeam = 7FUMWZ2NUV;
						ProvisioningStyle = Automatic;
						SystemCapabilities = {
							com.apple.Keychain = {
								enabled = 1;
							};
						};
					};
				};
			};
			buildConfigurationList = 6F69273F1D6D86990055B413 /* Build configuration list for PBXProject "SnapChatClone" */;
			compatibilityVersion = "Xcode 3.2";
			developmentRegion = English;
			hasScannedForEncodings = 0;
			knownRegions = (
				en,
				Base,
			);
			mainGroup = 6F69273B1D6D86990055B413;
			productRefGroup = 6F6927451D6D86990055B413 /* Products */;
			projectDirPath = "";
			projectRoot = "";
			targets = (
				6F6927431D6D86990055B413 /* SnapChatClone */,
			);
		};
/* End PBXProject section */

/* Begin PBXResourcesBuildPhase section */
		6F6927421D6D86990055B413 /* Resources */ = {
			isa = PBXResourcesBuildPhase;
			buildActionMask = 2147483647;
			files = (
				6F69275A1D6D876B0055B413 /* GoogleService-Info.plist in Resources */,
				6F6927521D6D86990055B413 /* LaunchScreen.storyboard in Resources */,
				6F69274F1D6D86990055B413 /* Assets.xcassets in Resources */,
				6F69274D1D6D86990055B413 /* Main.storyboard in Resources */,
			);
			runOnlyForDeploymentPostprocessing = 0;
		};
/* End PBXResourcesBuildPhase section */

/* Begin PBXShellScriptBuildPhase section */
		185FFD1065EB2F40C0295555 /* [CP] Copy Pods Resources */ = {
			isa = PBXShellScriptBuildPhase;
			buildActionMask = 2147483647;
			files = (
			);
			inputPaths = (
			);
			name = "[CP] Copy Pods Resources";
			outputPaths = (
			);
			runOnlyForDeploymentPostprocessing = 0;
			shellPath = /bin/sh;
			shellScript = "\"${SRCROOT}/Pods/Target Support Files/Pods-SnapChatClone/Pods-SnapChatClone-resources.sh\"\n";
			showEnvVarsInLog = 0;
		};
		9FC22DDC028272BAADD3ABE2 /* [CP] Check Pods Manifest.lock */ = {
			isa = PBXShellScriptBuildPhase;
			buildActionMask = 2147483647;
			files = (
			);
			inputPaths = (
			);
			name = "[CP] Check Pods Manifest.lock";
			outputPaths = (
			);
			runOnlyForDeploymentPostprocessing = 0;
			shellPath = /bin/sh;
			shellScript = "diff \"${PODS_ROOT}/../Podfile.lock\" \"${PODS_ROOT}/Manifest.lock\" > /dev/null\nif [[ $? != 0 ]] ; then\n    cat << EOM\nerror: The sandbox is not in sync with the Podfile.lock. Run 'pod install' or update your CocoaPods installation.\nEOM\n    exit 1\nfi\n";
			showEnvVarsInLog = 0;
		};
		CD2842E0AC1AE75CA236CC73 /* [CP] Embed Pods Frameworks */ = {
			isa = PBXShellScriptBuildPhase;
			buildActionMask = 2147483647;
			files = (
			);
			inputPaths = (
			);
			name = "[CP] Embed Pods Frameworks";
			outputPaths = (
			);
			runOnlyForDeploymentPostprocessing = 0;
			shellPath = /bin/sh;
			shellScript = "\"${SRCROOT}/Pods/Target Support Files/Pods-SnapChatClone/Pods-SnapChatClone-frameworks.sh\"\n";
			showEnvVarsInLog = 0;
		};
/* End PBXShellScriptBuildPhase section */

/* Begin PBXSourcesBuildPhase section */
		6F6927401D6D86990055B413 /* Sources */ = {
			isa = PBXSourcesBuildPhase;
			buildActionMask = 2147483647;
			files = (
				6F5EFE1D1D6D92AE00F78EB4 /* SnapsViewController.swift in Sources */,
				6F69274A1D6D86990055B413 /* ViewController.swift in Sources */,
				6F6927481D6D86990055B413 /* AppDelegate.swift in Sources */,
				6F5EFE211D6DBD4E00F78EB4 /* SelectUserViewController.swift in Sources */,
				6FE116F91D6D8A4000F29186 /* SignInViewController.swift in Sources */,
				6F5EFE1F1D6D982000F78EB4 /* PictureViewController.swift in Sources */,
			);
			runOnlyForDeploymentPostprocessing = 0;
		};
/* End PBXSourcesBuildPhase section */

/* Begin PBXVariantGroup section */
		6F69274B1D6D86990055B413 /* Main.storyboard */ = {
			isa = PBXVariantGroup;
			children = (
				6F69274C1D6D86990055B413 /* Base */,
			);
			name = Main.storyboard;
			sourceTree = "<group>";
		};
		6F6927501D6D86990055B413 /* LaunchScreen.storyboard */ = {
			isa = PBXVariantGroup;
			children = (
				6F6927511D6D86990055B413 /* Base */,
			);
			name = LaunchScreen.storyboard;
			sourceTree = "<group>";
		};
/* End PBXVariantGroup section */

/* Begin XCBuildConfiguration section */
		6F6927541D6D86990055B413 /* Debug */ = {
			isa = XCBuildConfiguration;
			buildSettings = {
				ALWAYS_SEARCH_USER_PATHS = NO;
				CLANG_ANALYZER_NONNULL = YES;
				CLANG_CXX_LANGUAGE_STANDARD = "gnu++0x";
				CLANG_CXX_LIBRARY = "libc++";
				CLANG_ENABLE_MODULES = YES;
				CLANG_ENABLE_OBJC_ARC = YES;
				CLANG_WARN_BOOL_CONVERSION = YES;
				CLANG_WARN_CONSTANT_CONVERSION = YES;
				CLANG_WARN_DIRECT_OBJC_ISA_USAGE = YES_ERROR;
				CLANG_WARN_DOCUMENTATION_COMMENTS = YES;
				CLANG_WARN_EMPTY_BODY = YES;
				CLANG_WARN_ENUM_CONVERSION = YES;
				CLANG_WARN_INFINITE_RECURSION = YES;
				CLANG_WARN_INT_CONVERSION = YES;
				CLANG_WARN_OBJC_ROOT_CLASS = YES_ERROR;
				CLANG_WARN_SUSPICIOUS_MOVES = YES;
				CLANG_WARN_UNREACHABLE_CODE = YES;
				CLANG_WARN__DUPLICATE_METHOD_MATCH = YES;
				"CODE_SIGN_IDENTITY[sdk=iphoneos*]" = "iPhone Developer";
				COPY_PHASE_STRIP = NO;
				DEBUG_INFORMATION_FORMAT = dwarf;
				ENABLE_STRICT_OBJC_MSGSEND = YES;
				ENABLE_TESTABILITY = YES;
				GCC_C_LANGUAGE_STANDARD = gnu99;
				GCC_DYNAMIC_NO_PIC = NO;
				GCC_NO_COMMON_BLOCKS = YES;
				GCC_OPTIMIZATION_LEVEL = 0;
				GCC_PREPROCESSOR_DEFINITIONS = (
					"DEBUG=1",
					"$(inherited)",
				);
				GCC_WARN_64_TO_32_BIT_CONVERSION = YES;
				GCC_WARN_ABOUT_RETURN_TYPE = YES_ERROR;
				GCC_WARN_UNDECLARED_SELECTOR = YES;
				GCC_WARN_UNINITIALIZED_AUTOS = YES_AGGRESSIVE;
				GCC_WARN_UNUSED_FUNCTION = YES;
				GCC_WARN_UNUSED_VARIABLE = YES;
				IPHONEOS_DEPLOYMENT_TARGET = 10.0;
				MTL_ENABLE_DEBUG_INFO = YES;
				ONLY_ACTIVE_ARCH = YES;
				SDKROOT = iphoneos;
				SWIFT_ACTIVE_COMPILATION_CONDITIONS = DEBUG;
				SWIFT_OPTIMIZATION_LEVEL = "-Onone";
			};
			name = Debug;
		};
		6F6927551D6D86990055B413 /* Release */ = {
			isa = XCBuildConfiguration;
			buildSettings = {
				ALWAYS_SEARCH_USER_PATHS = NO;
				CLANG_ANALYZER_NONNULL = YES;
				CLANG_CXX_LANGUAGE_STANDARD = "gnu++0x";
				CLANG_CXX_LIBRARY = "libc++";
				CLANG_ENABLE_MODULES = YES;
				CLANG_ENABLE_OBJC_ARC = YES;
				CLANG_WARN_BOOL_CONVERSION = YES;
				CLANG_WARN_CONSTANT_CONVERSION = YES;
				CLANG_WARN_DIRECT_OBJC_ISA_USAGE = YES_ERROR;
				CLANG_WARN_DOCUMENTATION_COMMENTS = YES;
				CLANG_WARN_EMPTY_BODY = YES;
				CLANG_WARN_ENUM_CONVERSION = YES;
				CLANG_WARN_INFINITE_RECURSION = YES;
				CLANG_WARN_INT_CONVERSION = YES;
				CLANG_WARN_OBJC_ROOT_CLASS = YES_ERROR;
				CLANG_WARN_SUSPICIOUS_MOVES = YES;
				CLANG_WARN_UNREACHABLE_CODE = YES;
				CLANG_WARN__DUPLICATE_METHOD_MATCH = YES;
				"CODE_SIGN_IDENTITY[sdk=iphoneos*]" = "iPhone Developer";
				COPY_PHASE_STRIP = NO;
				DEBUG_INFORMATION_FORMAT = "dwarf-with-dsym";
				ENABLE_NS_ASSERTIONS = NO;
				ENABLE_STRICT_OBJC_MSGSEND = YES;
				GCC_C_LANGUAGE_STANDARD = gnu99;
				GCC_NO_COMMON_BLOCKS = YES;
				GCC_WARN_64_TO_32_BIT_CONVERSION = YES;
				GCC_WARN_ABOUT_RETURN_TYPE = YES_ERROR;
				GCC_WARN_UNDECLARED_SELECTOR = YES;
				GCC_WARN_UNINITIALIZED_AUTOS = YES_AGGRESSIVE;
				GCC_WARN_UNUSED_FUNCTION = YES;
				GCC_WARN_UNUSED_VARIABLE = YES;
				IPHONEOS_DEPLOYMENT_TARGET = 10.0;
				MTL_ENABLE_DEBUG_INFO = NO;
				SDKROOT = iphoneos;
				SWIFT_OPTIMIZATION_LEVEL = "-Owholemodule";
				VALIDATE_PRODUCT = YES;
			};
			name = Release;
		};
		6F6927571D6D86990055B413 /* Debug */ = {
			isa = XCBuildConfiguration;
			baseConfigurationReference = 1B81EE2A2996BD729E95378E /* Pods-SnapChatClone.debug.xcconfig */;
			buildSettings = {
				ASSETCATALOG_COMPILER_APPICON_NAME = AppIcon;
				CODE_SIGN_ENTITLEMENTS = SnapChatClone/SnapChatClone.entitlements;
				DEVELOPMENT_TEAM = 7FUMWZ2NUV;
				INFOPLIST_FILE = SnapChatClone/Info.plist;
				LD_RUNPATH_SEARCH_PATHS = "$(inherited) @executable_path/Frameworks";
				PRODUCT_BUNDLE_IDENTIFIER = com.AndrewNg.SnapChatClone;
				PRODUCT_NAME = "$(TARGET_NAME)";
				SWIFT_VERSION = 3.0;
			};
			name = Debug;
		};
		6F6927581D6D86990055B413 /* Release */ = {
			isa = XCBuildConfiguration;
			baseConfigurationReference = 77B50C73FDE2DE94DA9F8B4C /* Pods-SnapChatClone.release.xcconfig */;
			buildSettings = {
				ASSETCATALOG_COMPILER_APPICON_NAME = AppIcon;
				CODE_SIGN_ENTITLEMENTS = SnapChatClone/SnapChatClone.entitlements;
				DEVELOPMENT_TEAM = 7FUMWZ2NUV;
				INFOPLIST_FILE = SnapChatClone/Info.plist;
				LD_RUNPATH_SEARCH_PATHS = "$(inherited) @executable_path/Frameworks";
				PRODUCT_BUNDLE_IDENTIFIER = com.AndrewNg.SnapChatClone;
				PRODUCT_NAME = "$(TARGET_NAME)";
				SWIFT_VERSION = 3.0;
			};
			name = Release;
		};
/* End XCBuildConfiguration section */

/* Begin XCConfigurationList section */
		6F69273F1D6D86990055B413 /* Build configuration list for PBXProject "SnapChatClone" */ = {
			isa = XCConfigurationList;
			buildConfigurations = (
				6F6927541D6D86990055B413 /* Debug */,
				6F6927551D6D86990055B413 /* Release */,
			);
			defaultConfigurationIsVisible = 0;
			defaultConfigurationName = Release;
		};
		6F6927561D6D86990055B413 /* Build configuration list for PBXNativeTarget "SnapChatClone" */ = {
			isa = XCConfigurationList;
			buildConfigurations = (
				6F6927571D6D86990055B413 /* Debug */,
				6F6927581D6D86990055B413 /* Release */,
			);
			defaultConfigurationIsVisible = 0;
			defaultConfigurationName = Release;
		};
/* End XCConfigurationList section */
	};
	rootObject = 6F69273C1D6D86990055B413 /* Project object */;
}
